dependencies:
- name: temporal
  repository: https://charts.lemontech.engineering
  version: 0.28.1
- name: grafana
  repository: https://grafana.github.io/helm-charts
  version: 7.3.8
digest: sha256:9cd467389916578834de7196b5edd805b8c061a0b9d9c993b71e0d1edb637e41
generated: "2024-04-16T14:01:08.7886214+01:00"
